// !$*UTF8*$!
{
	archiveVersion = 1;
	classes = {
	};
	objectVersion = 46;
	objects = {

/* Begin PBXBuildFile section */
		079257E81E2F75A5006DFE02 /* HomeViewController.m in Sources */ = {isa = PBXBuildFile; fileRef = 079257E71E2F75A5006DFE02 /* HomeViewController.m */; };
		079257EB1E2F75B9006DFE02 /* MallViewController.m in Sources */ = {isa = PBXBuildFile; fileRef = 079257EA1E2F75B9006DFE02 /* MallViewController.m */; };
		079257EE1E2F75C7006DFE02 /* ContactViewController.m in Sources */ = {isa = PBXBuildFile; fileRef = 079257ED1E2F75C7006DFE02 /* ContactViewController.m */; };
		079257F11E2F7604006DFE02 /* RecordViewController.m in Sources */ = {isa = PBXBuildFile; fileRef = 079257F01E2F7604006DFE02 /* RecordViewController.m */; };
		079257F41E2F7611006DFE02 /* SelfViewController.m in Sources */ = {isa = PBXBuildFile; fileRef = 079257F31E2F7611006DFE02 /* SelfViewController.m */; };
		079993141E30A8DB007F2B74 /* ColorUtil.m in Sources */ = {isa = PBXBuildFile; fileRef = 079993131E30A8DB007F2B74 /* ColorUtil.m */; };
		079993281E30C2F6007F2B74 /* ColorBackButton.m in Sources */ = {isa = PBXBuildFile; fileRef = 079993271E30C2F6007F2B74 /* ColorBackButton.m */; };
		07CF3FB51E31C516006C9606 /* ColorLabel.m in Sources */ = {isa = PBXBuildFile; fileRef = 07CF3FB41E31C516006C9606 /* ColorLabel.m */; };
		07CF3FB81E31F6A9006C9606 /* UIViewController+PYExtension.m in Sources */ = {isa = PBXBuildFile; fileRef = 07CF3FB71E31F6A9006C9606 /* UIViewController+PYExtension.m */; };
		1914F0621E2CDF2E004668EF /* main.m in Sources */ = {isa = PBXBuildFile; fileRef = 1914F0611E2CDF2E004668EF /* main.m */; };
		1914F0651E2CDF2E004668EF /* AppDelegate.m in Sources */ = {isa = PBXBuildFile; fileRef = 1914F0641E2CDF2E004668EF /* AppDelegate.m */; };
		1914F06B1E2CDF2E004668EF /* Main.storyboard in Resources */ = {isa = PBXBuildFile; fileRef = 1914F0691E2CDF2E004668EF /* Main.storyboard */; };
		1914F06E1E2CDF2E004668EF /* book.xcdatamodeld in Sources */ = {isa = PBXBuildFile; fileRef = 1914F06C1E2CDF2E004668EF /* book.xcdatamodeld */; };
		1914F0731E2CDF2E004668EF /* LaunchScreen.storyboard in Resources */ = {isa = PBXBuildFile; fileRef = 1914F0711E2CDF2E004668EF /* LaunchScreen.storyboard */; };
		1914F07E1E2CDF2F004668EF /* bookTests.m in Sources */ = {isa = PBXBuildFile; fileRef = 1914F07D1E2CDF2F004668EF /* bookTests.m */; };
		1914F0891E2CDF2F004668EF /* bookUITests.m in Sources */ = {isa = PBXBuildFile; fileRef = 1914F0881E2CDF2F004668EF /* bookUITests.m */; };
		1914F0981E2CE264004668EF /* StartViewController.m in Sources */ = {isa = PBXBuildFile; fileRef = 1914F0971E2CE264004668EF /* StartViewController.m */; };
		1914F09C1E2CE43E004668EF /* Commons.m in Sources */ = {isa = PBXBuildFile; fileRef = 1914F09B1E2CE43E004668EF /* Commons.m */; };
		1914F09F1E2CE657004668EF /* Default-1136.png in Resources */ = {isa = PBXBuildFile; fileRef = 1914F09E1E2CE657004668EF /* Default-1136.png */; };
		198554641E2DEC550039AE51 /* Assets.xcassets in Resources */ = {isa = PBXBuildFile; fileRef = 198554631E2DEC550039AE51 /* Assets.xcassets */; };
		198554771E2DF6C60039AE51 /* UIView+PYExtension.m in Sources */ = {isa = PBXBuildFile; fileRef = 198554761E2DF6C60039AE51 /* UIView+PYExtension.m */; };
		198554801E2DFA690039AE51 /* PYNavigationController.m in Sources */ = {isa = PBXBuildFile; fileRef = 198554791E2DFA690039AE51 /* PYNavigationController.m */; };
		198554821E2DFA690039AE51 /* PYTabBarController.m in Sources */ = {isa = PBXBuildFile; fileRef = 1985547D1E2DFA690039AE51 /* PYTabBarController.m */; };
		198554831E2DFA690039AE51 /* PYTempCollectionViewController.m in Sources */ = {isa = PBXBuildFile; fileRef = 1985547F1E2DFA690039AE51 /* PYTempCollectionViewController.m */; };
/* End PBXBuildFile section */

/* Begin PBXContainerItemProxy section */
		1914F07A1E2CDF2F004668EF /* PBXContainerItemProxy */ = {
			isa = PBXContainerItemProxy;
			containerPortal = 1914F0551E2CDF2E004668EF /* Project object */;
			proxyType = 1;
			remoteGlobalIDString = 1914F05C1E2CDF2E004668EF;
			remoteInfo = book;
		};
		1914F0851E2CDF2F004668EF /* PBXContainerItemProxy */ = {
			isa = PBXContainerItemProxy;
			containerPortal = 1914F0551E2CDF2E004668EF /* Project object */;
			proxyType = 1;
			remoteGlobalIDString = 1914F05C1E2CDF2E004668EF;
			remoteInfo = book;
		};
/* End PBXContainerItemProxy section */

/* Begin PBXFileReference section */
		079257E61E2F75A5006DFE02 /* HomeViewController.h */ = {isa = PBXFileReference; fileEncoding = 4; lastKnownFileType = sourcecode.c.h; path = HomeViewController.h; sourceTree = "<group>"; };
		079257E71E2F75A5006DFE02 /* HomeViewController.m */ = {isa = PBXFileReference; fileEncoding = 4; lastKnownFileType = sourcecode.c.objc; path = HomeViewController.m; sourceTree = "<group>"; };
		079257E91E2F75B9006DFE02 /* MallViewController.h */ = {isa = PBXFileReference; fileEncoding = 4; lastKnownFileType = sourcecode.c.h; path = MallViewController.h; sourceTree = "<group>"; };
		079257EA1E2F75B9006DFE02 /* MallViewController.m */ = {isa = PBXFileReference; fileEncoding = 4; lastKnownFileType = sourcecode.c.objc; path = MallViewController.m; sourceTree = "<group>"; };
		079257EC1E2F75C7006DFE02 /* ContactViewController.h */ = {isa = PBXFileReference; fileEncoding = 4; lastKnownFileType = sourcecode.c.h; path = ContactViewController.h; sourceTree = "<group>"; };
		079257ED1E2F75C7006DFE02 /* ContactViewController.m */ = {isa = PBXFileReference; fileEncoding = 4; lastKnownFileType = sourcecode.c.objc; path = ContactViewController.m; sourceTree = "<group>"; };
		079257EF1E2F7604006DFE02 /* RecordViewController.h */ = {isa = PBXFileReference; fileEncoding = 4; lastKnownFileType = sourcecode.c.h; path = RecordViewController.h; sourceTree = "<group>"; };
		079257F01E2F7604006DFE02 /* RecordViewController.m */ = {isa = PBXFileReference; fileEncoding = 4; lastKnownFileType = sourcecode.c.objc; path = RecordViewController.m; sourceTree = "<group>"; };
		079257F21E2F7611006DFE02 /* SelfViewController.h */ = {isa = PBXFileReference; fileEncoding = 4; lastKnownFileType = sourcecode.c.h; path = SelfViewController.h; sourceTree = "<group>"; };
		079257F31E2F7611006DFE02 /* SelfViewController.m */ = {isa = PBXFileReference; fileEncoding = 4; lastKnownFileType = sourcecode.c.objc; path = SelfViewController.m; sourceTree = "<group>"; };
		079993121E30A8DB007F2B74 /* ColorUtil.h */ = {isa = PBXFileReference; fileEncoding = 4; lastKnownFileType = sourcecode.c.h; path = ColorUtil.h; sourceTree = "<group>"; };
		079993131E30A8DB007F2B74 /* ColorUtil.m */ = {isa = PBXFileReference; fileEncoding = 4; lastKnownFileType = sourcecode.c.objc; path = ColorUtil.m; sourceTree = "<group>"; };
		079993261E30C2F6007F2B74 /* ColorBackButton.h */ = {isa = PBXFileReference; fileEncoding = 4; lastKnownFileType = sourcecode.c.h; path = ColorBackButton.h; sourceTree = "<group>"; };
		079993271E30C2F6007F2B74 /* ColorBackButton.m */ = {isa = PBXFileReference; fileEncoding = 4; lastKnownFileType = sourcecode.c.objc; path = ColorBackButton.m; sourceTree = "<group>"; };
		07CF3FB31E31C516006C9606 /* ColorLabel.h */ = {isa = PBXFileReference; fileEncoding = 4; lastKnownFileType = sourcecode.c.h; path = ColorLabel.h; sourceTree = "<group>"; };
		07CF3FB41E31C516006C9606 /* ColorLabel.m */ = {isa = PBXFileReference; fileEncoding = 4; lastKnownFileType = sourcecode.c.objc; path = ColorLabel.m; sourceTree = "<group>"; };
		07CF3FB61E31F6A9006C9606 /* UIViewController+PYExtension.h */ = {isa = PBXFileReference; fileEncoding = 4; lastKnownFileType = sourcecode.c.h; path = "UIViewController+PYExtension.h"; sourceTree = "<group>"; };
		07CF3FB71E31F6A9006C9606 /* UIViewController+PYExtension.m */ = {isa = PBXFileReference; fileEncoding = 4; lastKnownFileType = sourcecode.c.objc; path = "UIViewController+PYExtension.m"; sourceTree = "<group>"; };
		1914F05D1E2CDF2E004668EF /* book.app */ = {isa = PBXFileReference; explicitFileType = wrapper.application; includeInIndex = 0; path = book.app; sourceTree = BUILT_PRODUCTS_DIR; };
		1914F0611E2CDF2E004668EF /* main.m */ = {isa = PBXFileReference; lastKnownFileType = sourcecode.c.objc; path = main.m; sourceTree = "<group>"; };
		1914F0631E2CDF2E004668EF /* AppDelegate.h */ = {isa = PBXFileReference; lastKnownFileType = sourcecode.c.h; path = AppDelegate.h; sourceTree = "<group>"; };
		1914F0641E2CDF2E004668EF /* AppDelegate.m */ = {isa = PBXFileReference; lastKnownFileType = sourcecode.c.objc; path = AppDelegate.m; sourceTree = "<group>"; };
		1914F06A1E2CDF2E004668EF /* Base */ = {isa = PBXFileReference; lastKnownFileType = file.storyboard; name = Base; path = Base.lproj/Main.storyboard; sourceTree = "<group>"; };
		1914F06D1E2CDF2E004668EF /* book.xcdatamodel */ = {isa = PBXFileReference; lastKnownFileType = wrapper.xcdatamodel; path = book.xcdatamodel; sourceTree = "<group>"; };
		1914F0721E2CDF2E004668EF /* Base */ = {isa = PBXFileReference; lastKnownFileType = file.storyboard; name = Base; path = Base.lproj/LaunchScreen.storyboard; sourceTree = "<group>"; };
		1914F0741E2CDF2E004668EF /* Info.plist */ = {isa = PBXFileReference; lastKnownFileType = text.plist.xml; path = Info.plist; sourceTree = "<group>"; };
		1914F0791E2CDF2F004668EF /* bookTests.xctest */ = {isa = PBXFileReference; explicitFileType = wrapper.cfbundle; includeInIndex = 0; path = bookTests.xctest; sourceTree = BUILT_PRODUCTS_DIR; };
		1914F07D1E2CDF2F004668EF /* bookTests.m */ = {isa = PBXFileReference; lastKnownFileType = sourcecode.c.objc; path = bookTests.m; sourceTree = "<group>"; };
		1914F07F1E2CDF2F004668EF /* Info.plist */ = {isa = PBXFileReference; lastKnownFileType = text.plist.xml; path = Info.plist; sourceTree = "<group>"; };
		1914F0841E2CDF2F004668EF /* bookUITests.xctest */ = {isa = PBXFileReference; explicitFileType = wrapper.cfbundle; includeInIndex = 0; path = bookUITests.xctest; sourceTree = BUILT_PRODUCTS_DIR; };
		1914F0881E2CDF2F004668EF /* bookUITests.m */ = {isa = PBXFileReference; lastKnownFileType = sourcecode.c.objc; path = bookUITests.m; sourceTree = "<group>"; };
		1914F08A1E2CDF2F004668EF /* Info.plist */ = {isa = PBXFileReference; lastKnownFileType = text.plist.xml; path = Info.plist; sourceTree = "<group>"; };
		1914F0961E2CE264004668EF /* StartViewController.h */ = {isa = PBXFileReference; fileEncoding = 4; lastKnownFileType = sourcecode.c.h; path = StartViewController.h; sourceTree = "<group>"; };
		1914F0971E2CE264004668EF /* StartViewController.m */ = {isa = PBXFileReference; fileEncoding = 4; lastKnownFileType = sourcecode.c.objc; path = StartViewController.m; sourceTree = "<group>"; };
		1914F09A1E2CE43E004668EF /* Commons.h */ = {isa = PBXFileReference; fileEncoding = 4; lastKnownFileType = sourcecode.c.h; path = Commons.h; sourceTree = "<group>"; };
		1914F09B1E2CE43E004668EF /* Commons.m */ = {isa = PBXFileReference; fileEncoding = 4; lastKnownFileType = sourcecode.c.objc; path = Commons.m; sourceTree = "<group>"; };
		1914F09E1E2CE657004668EF /* Default-1136.png */ = {isa = PBXFileReference; lastKnownFileType = image.png; path = "Default-1136.png"; sourceTree = "<group>"; };
		198554631E2DEC550039AE51 /* Assets.xcassets */ = {isa = PBXFileReference; lastKnownFileType = folder.assetcatalog; path = Assets.xcassets; sourceTree = "<group>"; };
		198554751E2DF6C60039AE51 /* UIView+PYExtension.h */ = {isa = PBXFileReference; fileEncoding = 4; lastKnownFileType = sourcecode.c.h; path = "UIView+PYExtension.h"; sourceTree = "<group>"; };
		198554761E2DF6C60039AE51 /* UIView+PYExtension.m */ = {isa = PBXFileReference; fileEncoding = 4; lastKnownFileType = sourcecode.c.objc; path = "UIView+PYExtension.m"; sourceTree = "<group>"; };
		198554781E2DFA680039AE51 /* PYNavigationController.h */ = {isa = PBXFileReference; fileEncoding = 4; lastKnownFileType = sourcecode.c.h; path = PYNavigationController.h; sourceTree = "<group>"; };
		198554791E2DFA690039AE51 /* PYNavigationController.m */ = {isa = PBXFileReference; fileEncoding = 4; lastKnownFileType = sourcecode.c.objc; path = PYNavigationController.m; sourceTree = "<group>"; };
		1985547C1E2DFA690039AE51 /* PYTabBarController.h */ = {isa = PBXFileReference; fileEncoding = 4; lastKnownFileType = sourcecode.c.h; path = PYTabBarController.h; sourceTree = "<group>"; };
		1985547D1E2DFA690039AE51 /* PYTabBarController.m */ = {isa = PBXFileReference; fileEncoding = 4; lastKnownFileType = sourcecode.c.objc; path = PYTabBarController.m; sourceTree = "<group>"; };
		1985547E1E2DFA690039AE51 /* PYTempCollectionViewController.h */ = {isa = PBXFileReference; fileEncoding = 4; lastKnownFileType = sourcecode.c.h; path = PYTempCollectionViewController.h; sourceTree = "<group>"; };
		1985547F1E2DFA690039AE51 /* PYTempCollectionViewController.m */ = {isa = PBXFileReference; fileEncoding = 4; lastKnownFileType = sourcecode.c.objc; path = PYTempCollectionViewController.m; sourceTree = "<group>"; };
/* End PBXFileReference section */

/* Begin PBXFrameworksBuildPhase section */
		1914F05A1E2CDF2E004668EF /* Frameworks */ = {
			isa = PBXFrameworksBuildPhase;
			buildActionMask = 2147483647;
			files = (
			);
			runOnlyForDeploymentPostprocessing = 0;
		};
		1914F0761E2CDF2F004668EF /* Frameworks */ = {
			isa = PBXFrameworksBuildPhase;
			buildActionMask = 2147483647;
			files = (
			);
			runOnlyForDeploymentPostprocessing = 0;
		};
		1914F0811E2CDF2F004668EF /* Frameworks */ = {
			isa = PBXFrameworksBuildPhase;
			buildActionMask = 2147483647;
			files = (
			);
			runOnlyForDeploymentPostprocessing = 0;
		};
/* End PBXFrameworksBuildPhase section */

/* Begin PBXGroup section */
		079257E51E2F757A006DFE02 /* mainpage */ = {
			isa = PBXGroup;
			children = (
				079257E61E2F75A5006DFE02 /* HomeViewController.h */,
				079257E71E2F75A5006DFE02 /* HomeViewController.m */,
				079257E91E2F75B9006DFE02 /* MallViewController.h */,
				079257EA1E2F75B9006DFE02 /* MallViewController.m */,
				079257EC1E2F75C7006DFE02 /* ContactViewController.h */,
				079257ED1E2F75C7006DFE02 /* ContactViewController.m */,
				079257EF1E2F7604006DFE02 /* RecordViewController.h */,
				079257F01E2F7604006DFE02 /* RecordViewController.m */,
				079257F21E2F7611006DFE02 /* SelfViewController.h */,
				079257F31E2F7611006DFE02 /* SelfViewController.m */,
			);
			name = mainpage;
			sourceTree = "<group>";
		};
		079993251E30C1F7007F2B74 /* extension */ = {
			isa = PBXGroup;
			children = (
				198554751E2DF6C60039AE51 /* UIView+PYExtension.h */,
				198554761E2DF6C60039AE51 /* UIView+PYExtension.m */,
				07CF3FB61E31F6A9006C9606 /* UIViewController+PYExtension.h */,
				07CF3FB71E31F6A9006C9606 /* UIViewController+PYExtension.m */,
			);
			name = extension;
			sourceTree = "<group>";
		};
		1914F0541E2CDF2E004668EF = {
			isa = PBXGroup;
			children = (
				1914F05F1E2CDF2E004668EF /* book */,
				1914F07C1E2CDF2F004668EF /* bookTests */,
				1914F0871E2CDF2F004668EF /* bookUITests */,
				1914F05E1E2CDF2E004668EF /* Products */,
			);
			sourceTree = "<group>";
		};
		1914F05E1E2CDF2E004668EF /* Products */ = {
			isa = PBXGroup;
			children = (
				1914F05D1E2CDF2E004668EF /* book.app */,
				1914F0791E2CDF2F004668EF /* bookTests.xctest */,
				1914F0841E2CDF2F004668EF /* bookUITests.xctest */,
			);
			name = Products;
			sourceTree = "<group>";
		};
		1914F05F1E2CDF2E004668EF /* book */ = {
			isa = PBXGroup;
			children = (
				079993251E30C1F7007F2B74 /* extension */,
				079257E51E2F757A006DFE02 /* mainpage */,
				198554711E2DF5EF0039AE51 /* theme */,
				1914F09D1E2CE621004668EF /* asset */,
				1914F0991E2CE427004668EF /* util */,
				1914F0631E2CDF2E004668EF /* AppDelegate.h */,
				1914F0641E2CDF2E004668EF /* AppDelegate.m */,
				1914F0961E2CE264004668EF /* StartViewController.h */,
				1914F0971E2CE264004668EF /* StartViewController.m */,
				198554781E2DFA680039AE51 /* PYNavigationController.h */,
				198554791E2DFA690039AE51 /* PYNavigationController.m */,
				1985547C1E2DFA690039AE51 /* PYTabBarController.h */,
				1985547D1E2DFA690039AE51 /* PYTabBarController.m */,
				1985547E1E2DFA690039AE51 /* PYTempCollectionViewController.h */,
				1985547F1E2DFA690039AE51 /* PYTempCollectionViewController.m */,
				1914F0691E2CDF2E004668EF /* Main.storyboard */,
				1914F0711E2CDF2E004668EF /* LaunchScreen.storyboard */,
				1914F0741E2CDF2E004668EF /* Info.plist */,
				1914F06C1E2CDF2E004668EF /* book.xcdatamodeld */,
				1914F0601E2CDF2E004668EF /* Supporting Files */,
			);
			path = book;
			sourceTree = "<group>";
		};
		1914F0601E2CDF2E004668EF /* Supporting Files */ = {
			isa = PBXGroup;
			children = (
				198554631E2DEC550039AE51 /* Assets.xcassets */,
				1914F0611E2CDF2E004668EF /* main.m */,
			);
			name = "Supporting Files";
			sourceTree = "<group>";
		};
		1914F07C1E2CDF2F004668EF /* bookTests */ = {
			isa = PBXGroup;
			children = (
				1914F07D1E2CDF2F004668EF /* bookTests.m */,
				1914F07F1E2CDF2F004668EF /* Info.plist */,
			);
			path = bookTests;
			sourceTree = "<group>";
		};
		1914F0871E2CDF2F004668EF /* bookUITests */ = {
			isa = PBXGroup;
			children = (
				1914F0881E2CDF2F004668EF /* bookUITests.m */,
				1914F08A1E2CDF2F004668EF /* Info.plist */,
			);
			path = bookUITests;
			sourceTree = "<group>";
		};
		1914F0991E2CE427004668EF /* util */ = {
			isa = PBXGroup;
			children = (
				1914F09A1E2CE43E004668EF /* Commons.h */,
				1914F09B1E2CE43E004668EF /* Commons.m */,
				079993121E30A8DB007F2B74 /* ColorUtil.h */,
				079993131E30A8DB007F2B74 /* ColorUtil.m */,
			);
			name = util;
			sourceTree = "<group>";
		};
		1914F09D1E2CE621004668EF /* asset */ = {
			isa = PBXGroup;
			children = (
				1914F09E1E2CE657004668EF /* Default-1136.png */,
			);
			name = asset;
			sourceTree = "<group>";
		};
		198554711E2DF5EF0039AE51 /* theme */ = {
			isa = PBXGroup;
			children = (
				079993261E30C2F6007F2B74 /* ColorBackButton.h */,
				079993271E30C2F6007F2B74 /* ColorBackButton.m */,
				07CF3FB31E31C516006C9606 /* ColorLabel.h */,
				07CF3FB41E31C516006C9606 /* ColorLabel.m */,
			);
			name = theme;
			sourceTree = "<group>";
		};
/* End PBXGroup section */

/* Begin PBXNativeTarget section */
		1914F05C1E2CDF2E004668EF /* book */ = {
			isa = PBXNativeTarget;
			buildConfigurationList = 1914F08D1E2CDF2F004668EF /* Build configuration list for PBXNativeTarget "book" */;
			buildPhases = (
				1914F0591E2CDF2E004668EF /* Sources */,
				1914F05A1E2CDF2E004668EF /* Frameworks */,
				1914F05B1E2CDF2E004668EF /* Resources */,
			);
			buildRules = (
			);
			dependencies = (
			);
			name = book;
			productName = book;
			productReference = 1914F05D1E2CDF2E004668EF /* book.app */;
			productType = "com.apple.product-type.application";
		};
		1914F0781E2CDF2F004668EF /* bookTests */ = {
			isa = PBXNativeTarget;
			buildConfigurationList = 1914F0901E2CDF2F004668EF /* Build configuration list for PBXNativeTarget "bookTests" */;
			buildPhases = (
				1914F0751E2CDF2F004668EF /* Sources */,
				1914F0761E2CDF2F004668EF /* Frameworks */,
				1914F0771E2CDF2F004668EF /* Resources */,
			);
			buildRules = (
			);
			dependencies = (
				1914F07B1E2CDF2F004668EF /* PBXTargetDependency */,
			);
			name = bookTests;
			productName = bookTests;
			productReference = 1914F0791E2CDF2F004668EF /* bookTests.xctest */;
			productType = "com.apple.product-type.bundle.unit-test";
		};
		1914F0831E2CDF2F004668EF /* bookUITests */ = {
			isa = PBXNativeTarget;
			buildConfigurationList = 1914F0931E2CDF2F004668EF /* Build configuration list for PBXNativeTarget "bookUITests" */;
			buildPhases = (
				1914F0801E2CDF2F004668EF /* Sources */,
				1914F0811E2CDF2F004668EF /* Frameworks */,
				1914F0821E2CDF2F004668EF /* Resources */,
			);
			buildRules = (
			);
			dependencies = (
				1914F0861E2CDF2F004668EF /* PBXTargetDependency */,
			);
			name = bookUITests;
			productName = bookUITests;
			productReference = 1914F0841E2CDF2F004668EF /* bookUITests.xctest */;
			productType = "com.apple.product-type.bundle.ui-testing";
		};
/* End PBXNativeTarget section */

/* Begin PBXProject section */
		1914F0551E2CDF2E004668EF /* Project object */ = {
			isa = PBXProject;
			attributes = {
				LastUpgradeCheck = 0820;
				ORGANIZATIONNAME = grace;
				TargetAttributes = {
					1914F05C1E2CDF2E004668EF = {
						CreatedOnToolsVersion = 8.2.1;
						DevelopmentTeam = V2RS2QG2P5;
						ProvisioningStyle = Automatic;
					};
					1914F0781E2CDF2F004668EF = {
						CreatedOnToolsVersion = 8.2.1;
						DevelopmentTeam = 7QC6SCKMRE;
						ProvisioningStyle = Automatic;
						TestTargetID = 1914F05C1E2CDF2E004668EF;
					};
					1914F0831E2CDF2F004668EF = {
						CreatedOnToolsVersion = 8.2.1;
						DevelopmentTeam = 7QC6SCKMRE;
						ProvisioningStyle = Automatic;
						TestTargetID = 1914F05C1E2CDF2E004668EF;
					};
				};
			};
			buildConfigurationList = 1914F0581E2CDF2E004668EF /* Build configuration list for PBXProject "book" */;
			compatibilityVersion = "Xcode 3.2";
			developmentRegion = English;
			hasScannedForEncodings = 0;
			knownRegions = (
				en,
				Base,
			);
			mainGroup = 1914F0541E2CDF2E004668EF;
			productRefGroup = 1914F05E1E2CDF2E004668EF /* Products */;
			projectDirPath = "";
			projectRoot = "";
			targets = (
				1914F05C1E2CDF2E004668EF /* book */,
				1914F0781E2CDF2F004668EF /* bookTests */,
				1914F0831E2CDF2F004668EF /* bookUITests */,
			);
		};
/* End PBXProject section */

/* Begin PBXResourcesBuildPhase section */
		1914F05B1E2CDF2E004668EF /* Resources */ = {
			isa = PBXResourcesBuildPhase;
			buildActionMask = 2147483647;
			files = (
				1914F09F1E2CE657004668EF /* Default-1136.png in Resources */,
				1914F0731E2CDF2E004668EF /* LaunchScreen.storyboard in Resources */,
				1914F06B1E2CDF2E004668EF /* Main.storyboard in Resources */,
				198554641E2DEC550039AE51 /* Assets.xcassets in Resources */,
			);
			runOnlyForDeploymentPostprocessing = 0;
		};
		1914F0771E2CDF2F004668EF /* Resources */ = {
			isa = PBXResourcesBuildPhase;
			buildActionMask = 2147483647;
			files = (
			);
			runOnlyForDeploymentPostprocessing = 0;
		};
		1914F0821E2CDF2F004668EF /* Resources */ = {
			isa = PBXResourcesBuildPhase;
			buildActionMask = 2147483647;
			files = (
			);
			runOnlyForDeploymentPostprocessing = 0;
		};
/* End PBXResourcesBuildPhase section */

/* Begin PBXSourcesBuildPhase section */
		1914F0591E2CDF2E004668EF /* Sources */ = {
			isa = PBXSourcesBuildPhase;
			buildActionMask = 2147483647;
			files = (
				079257EB1E2F75B9006DFE02 /* MallViewController.m in Sources */,
				198554801E2DFA690039AE51 /* PYNavigationController.m in Sources */,
				1914F06E1E2CDF2E004668EF /* book.xcdatamodeld in Sources */,
				07CF3FB51E31C516006C9606 /* ColorLabel.m in Sources */,
				1914F0981E2CE264004668EF /* StartViewController.m in Sources */,
				198554821E2DFA690039AE51 /* PYTabBarController.m in Sources */,
				1914F0651E2CDF2E004668EF /* AppDelegate.m in Sources */,
				079257EE1E2F75C7006DFE02 /* ContactViewController.m in Sources */,
				079993141E30A8DB007F2B74 /* ColorUtil.m in Sources */,
				079257F41E2F7611006DFE02 /* SelfViewController.m in Sources */,
				1914F09C1E2CE43E004668EF /* Commons.m in Sources */,
				079257F11E2F7604006DFE02 /* RecordViewController.m in Sources */,
				198554831E2DFA690039AE51 /* PYTempCollectionViewController.m in Sources */,
				079993281E30C2F6007F2B74 /* ColorBackButton.m in Sources */,
				198554771E2DF6C60039AE51 /* UIView+PYExtension.m in Sources */,
				07CF3FB81E31F6A9006C9606 /* UIViewController+PYExtension.m in Sources */,
				1914F0621E2CDF2E004668EF /* main.m in Sources */,
				079257E81E2F75A5006DFE02 /* HomeViewController.m in Sources */,
			);
			runOnlyForDeploymentPostprocessing = 0;
		};
		1914F0751E2CDF2F004668EF /* Sources */ = {
			isa = PBXSourcesBuildPhase;
			buildActionMask = 2147483647;
			files = (
				1914F07E1E2CDF2F004668EF /* bookTests.m in Sources */,
			);
			runOnlyForDeploymentPostprocessing = 0;
		};
		1914F0801E2CDF2F004668EF /* Sources */ = {
			isa = PBXSourcesBuildPhase;
			buildActionMask = 2147483647;
			files = (
				1914F0891E2CDF2F004668EF /* bookUITests.m in Sources */,
			);
			runOnlyForDeploymentPostprocessing = 0;
		};
/* End PBXSourcesBuildPhase section */

/* Begin PBXTargetDependency section */
		1914F07B1E2CDF2F004668EF /* PBXTargetDependency */ = {
			isa = PBXTargetDependency;
			target = 1914F05C1E2CDF2E004668EF /* book */;
			targetProxy = 1914F07A1E2CDF2F004668EF /* PBXContainerItemProxy */;
		};
		1914F0861E2CDF2F004668EF /* PBXTargetDependency */ = {
			isa = PBXTargetDependency;
			target = 1914F05C1E2CDF2E004668EF /* book */;
			targetProxy = 1914F0851E2CDF2F004668EF /* PBXContainerItemProxy */;
		};
/* End PBXTargetDependency section */

/* Begin PBXVariantGroup section */
		1914F0691E2CDF2E004668EF /* Main.storyboard */ = {
			isa = PBXVariantGroup;
			children = (
				1914F06A1E2CDF2E004668EF /* Base */,
			);
			name = Main.storyboard;
			sourceTree = "<group>";
		};
		1914F0711E2CDF2E004668EF /* LaunchScreen.storyboard */ = {
			isa = PBXVariantGroup;
			children = (
				1914F0721E2CDF2E004668EF /* Base */,
			);
			name = LaunchScreen.storyboard;
			sourceTree = "<group>";
		};
/* End PBXVariantGroup section */

/* Begin XCBuildConfiguration section */
		1914F08B1E2CDF2F004668EF /* Debug */ = {
			isa = XCBuildConfiguration;
			buildSettings = {
				ALWAYS_SEARCH_USER_PATHS = NO;
				CLANG_ANALYZER_NONNULL = YES;
				CLANG_CXX_LANGUAGE_STANDARD = "gnu++0x";
				CLANG_CXX_LIBRARY = "libc++";
				CLANG_ENABLE_MODULES = YES;
				CLANG_ENABLE_OBJC_ARC = YES;
				CLANG_WARN_BOOL_CONVERSION = YES;
				CLANG_WARN_CONSTANT_CONVERSION = YES;
				CLANG_WARN_DIRECT_OBJC_ISA_USAGE = YES_ERROR;
				CLANG_WARN_DOCUMENTATION_COMMENTS = YES;
				CLANG_WARN_EMPTY_BODY = YES;
				CLANG_WARN_ENUM_CONVERSION = YES;
				CLANG_WARN_INFINITE_RECURSION = YES;
				CLANG_WARN_INT_CONVERSION = YES;
				CLANG_WARN_OBJC_ROOT_CLASS = YES_ERROR;
				CLANG_WARN_SUSPICIOUS_MOVE = YES;
				CLANG_WARN_UNREACHABLE_CODE = YES;
				CLANG_WARN__DUPLICATE_METHOD_MATCH = YES;
				"CODE_SIGN_IDENTITY[sdk=iphoneos*]" = "iPhone Developer";
				COPY_PHASE_STRIP = NO;
				DEBUG_INFORMATION_FORMAT = dwarf;
				ENABLE_STRICT_OBJC_MSGSEND = YES;
				ENABLE_TESTABILITY = YES;
				GCC_C_LANGUAGE_STANDARD = gnu99;
				GCC_DYNAMIC_NO_PIC = NO;
				GCC_NO_COMMON_BLOCKS = YES;
				GCC_OPTIMIZATION_LEVEL = 0;
				GCC_PREPROCESSOR_DEFINITIONS = (
					"DEBUG=1",
					"$(inherited)",
				);
				GCC_WARN_64_TO_32_BIT_CONVERSION = YES;
				GCC_WARN_ABOUT_RETURN_TYPE = YES_ERROR;
				GCC_WARN_UNDECLARED_SELECTOR = YES;
				GCC_WARN_UNINITIALIZED_AUTOS = YES_AGGRESSIVE;
				GCC_WARN_UNUSED_FUNCTION = YES;
				GCC_WARN_UNUSED_VARIABLE = YES;
				IPHONEOS_DEPLOYMENT_TARGET = 10.2;
				MTL_ENABLE_DEBUG_INFO = YES;
				ONLY_ACTIVE_ARCH = YES;
				SDKROOT = iphoneos;
				TARGETED_DEVICE_FAMILY = "1,2";
			};
			name = Debug;
		};
		1914F08C1E2CDF2F004668EF /* Release */ = {
			isa = XCBuildConfiguration;
			buildSettings = {
				ALWAYS_SEARCH_USER_PATHS = NO;
				CLANG_ANALYZER_NONNULL = YES;
				CLANG_CXX_LANGUAGE_STANDARD = "gnu++0x";
				CLANG_CXX_LIBRARY = "libc++";
				CLANG_ENABLE_MODULES = YES;
				CLANG_ENABLE_OBJC_ARC = YES;
				CLANG_WARN_BOOL_CONVERSION = YES;
				CLANG_WARN_CONSTANT_CONVERSION = YES;
				CLANG_WARN_DIRECT_OBJC_ISA_USAGE = YES_ERROR;
				CLANG_WARN_DOCUMENTATION_COMMENTS = YES;
				CLANG_WARN_EMPTY_BODY = YES;
				CLANG_WARN_ENUM_CONVERSION = YES;
				CLANG_WARN_INFINITE_RECURSION = YES;
				CLANG_WARN_INT_CONVERSION = YES;
				CLANG_WARN_OBJC_ROOT_CLASS = YES_ERROR;
				CLANG_WARN_SUSPICIOUS_MOVE = YES;
				CLANG_WARN_UNREACHABLE_CODE = YES;
				CLANG_WARN__DUPLICATE_METHOD_MATCH = YES;
				"CODE_SIGN_IDENTITY[sdk=iphoneos*]" = "iPhone Developer";
				COPY_PHASE_STRIP = NO;
				DEBUG_INFORMATION_FORMAT = "dwarf-with-dsym";
				ENABLE_NS_ASSERTIONS = NO;
				ENABLE_STRICT_OBJC_MSGSEND = YES;
				GCC_C_LANGUAGE_STANDARD = gnu99;
				GCC_NO_COMMON_BLOCKS = YES;
				GCC_WARN_64_TO_32_BIT_CONVERSION = YES;
				GCC_WARN_ABOUT_RETURN_TYPE = YES_ERROR;
				GCC_WARN_UNDECLARED_SELECTOR = YES;
				GCC_WARN_UNINITIALIZED_AUTOS = YES_AGGRESSIVE;
				GCC_WARN_UNUSED_FUNCTION = YES;
				GCC_WARN_UNUSED_VARIABLE = YES;
				IPHONEOS_DEPLOYMENT_TARGET = 10.2;
				MTL_ENABLE_DEBUG_INFO = NO;
				SDKROOT = iphoneos;
				TARGETED_DEVICE_FAMILY = "1,2";
				VALIDATE_PRODUCT = YES;
			};
			name = Release;
		};
		1914F08E1E2CDF2F004668EF /* Debug */ = {
			isa = XCBuildConfiguration;
			buildSettings = {
				ASSETCATALOG_COMPILER_APPICON_NAME = AppIcon;
				DEVELOPMENT_TEAM = V2RS2QG2P5;
				INFOPLIST_FILE = book/Info.plist;
				IPHONEOS_DEPLOYMENT_TARGET = 8.0;
				LD_RUNPATH_SEARCH_PATHS = "$(inherited) @executable_path/Frameworks";
				PRODUCT_BUNDLE_IDENTIFIER = com.grace.book;
				PRODUCT_NAME = "$(TARGET_NAME)";
			};
			name = Debug;
		};
		1914F08F1E2CDF2F004668EF /* Release */ = {
			isa = XCBuildConfiguration;
			buildSettings = {
				ASSETCATALOG_COMPILER_APPICON_NAME = AppIcon;
				DEVELOPMENT_TEAM = V2RS2QG2P5;
				INFOPLIST_FILE = book/Info.plist;
				IPHONEOS_DEPLOYMENT_TARGET = 8.0;
				LD_RUNPATH_SEARCH_PATHS = "$(inherited) @executable_path/Frameworks";
				PRODUCT_BUNDLE_IDENTIFIER = com.grace.book;
				PRODUCT_NAME = "$(TARGET_NAME)";
			};
			name = Release;
		};
		1914F0911E2CDF2F004668EF /* Debug */ = {
			isa = XCBuildConfiguration;
			buildSettings = {
				BUNDLE_LOADER = "$(TEST_HOST)";
				DEVELOPMENT_TEAM = 7QC6SCKMRE;
				INFOPLIST_FILE = bookTests/Info.plist;
				LD_RUNPATH_SEARCH_PATHS = "$(inherited) @executable_path/Frameworks @loader_path/Frameworks";
				PRODUCT_BUNDLE_IDENTIFIER = com.grace.bookTests;
				PRODUCT_NAME = "$(TARGET_NAME)";
				TEST_HOST = "$(BUILT_PRODUCTS_DIR)/book.app/book";
			};
			name = Debug;
		};
		1914F0921E2CDF2F004668EF /* Release */ = {
			isa = XCBuildConfiguration;
			buildSettings = {
				BUNDLE_LOADER = "$(TEST_HOST)";
				DEVELOPMENT_TEAM = 7QC6SCKMRE;
				INFOPLIST_FILE = bookTests/Info.plist;
				LD_RUNPATH_SEARCH_PATHS = "$(inherited) @executable_path/Frameworks @loader_path/Frameworks";
				PRODUCT_BUNDLE_IDENTIFIER = com.grace.bookTests;
				PRODUCT_NAME = "$(TARGET_NAME)";
				TEST_HOST = "$(BUILT_PRODUCTS_DIR)/book.app/book";
			};
			name = Release;
		};
		1914F0941E2CDF2F004668EF /* Debug */ = {
			isa = XCBuildConfiguration;
			buildSettings = {
				DEVELOPMENT_TEAM = 7QC6SCKMRE;
				INFOPLIST_FILE = bookUITests/Info.plist;
				LD_RUNPATH_SEARCH_PATHS = "$(inherited) @executable_path/Frameworks @loader_path/Frameworks";
				PRODUCT_BUNDLE_IDENTIFIER = com.grace.bookUITests;
				PRODUCT_NAME = "$(TARGET_NAME)";
				TEST_TARGET_NAME = book;
			};
			name = Debug;
		};
		1914F0951E2CDF2F004668EF /* Release */ = {
			isa = XCBuildConfiguration;
			buildSettings = {
				DEVELOPMENT_TEAM = 7QC6SCKMRE;
				INFOPLIST_FILE = bookUITests/Info.plist;
				LD_RUNPATH_SEARCH_PATHS = "$(inherited) @executable_path/Frameworks @loader_path/Frameworks";
				PRODUCT_BUNDLE_IDENTIFIER = com.grace.bookUITests;
				PRODUCT_NAME = "$(TARGET_NAME)";
				TEST_TARGET_NAME = book;
			};
			name = Release;
		};
/* End XCBuildConfiguration section */

/* Begin XCConfigurationList section */
		1914F0581E2CDF2E004668EF /* Build configuration list for PBXProject "book" */ = {
			isa = XCConfigurationList;
			buildConfigurations = (
				1914F08B1E2CDF2F004668EF /* Debug */,
				1914F08C1E2CDF2F004668EF /* Release */,
			);
			defaultConfigurationIsVisible = 0;
			defaultConfigurationName = Release;
		};
		1914F08D1E2CDF2F004668EF /* Build configuration list for PBXNativeTarget "book" */ = {
			isa = XCConfigurationList;
			buildConfigurations = (
				1914F08E1E2CDF2F004668EF /* Debug */,
				1914F08F1E2CDF2F004668EF /* Release */,
			);
			defaultConfigurationIsVisible = 0;
			defaultConfigurationName = Release;
		};
		1914F0901E2CDF2F004668EF /* Build configuration list for PBXNativeTarget "bookTests" */ = {
			isa = XCConfigurationList;
			buildConfigurations = (
				1914F0911E2CDF2F004668EF /* Debug */,
				1914F0921E2CDF2F004668EF /* Release */,
			);
			defaultConfigurationIsVisible = 0;
			defaultConfigurationName = Release;
		};
		1914F0931E2CDF2F004668EF /* Build configuration list for PBXNativeTarget "bookUITests" */ = {
			isa = XCConfigurationList;
			buildConfigurations = (
				1914F0941E2CDF2F004668EF /* Debug */,
				1914F0951E2CDF2F004668EF /* Release */,
			);
			defaultConfigurationIsVisible = 0;
			defaultConfigurationName = Release;
		};
/* End XCConfigurationList section */

/* Begin XCVersionGroup section */
		1914F06C1E2CDF2E004668EF /* book.xcdatamodeld */ = {
			isa = XCVersionGroup;
			children = (
				1914F06D1E2CDF2E004668EF /* book.xcdatamodel */,
			);
			currentVersion = 1914F06D1E2CDF2E004668EF /* book.xcdatamodel */;
			path = book.xcdatamodeld;
			sourceTree = "<group>";
			versionGroupType = wrapper.xcdatamodel;
		};
/* End XCVersionGroup section */
	};
	rootObject = 1914F0551E2CDF2E004668EF /* Project object */;
}
